
Microsoft Visual Studio Solution File, Format Version 12.00
# Visual Studio Version 17
VisualStudioVersion = 17.14.36518.9 d17.14
MinimumVisualStudioVersion = 10.0.40219.1
Project("{8BC9CEB8-8B4A-11D0-8D11-00A0C91BC942}") = "MirSwiftExport", "MirSwiftExport\MirSwiftExport.vcxproj", "{9F475436-EF36-49E2-B872-970AFAE02372}"
EndProject
Global
	GlobalSection(SolutionConfigurationPlatforms) = preSolution
		Release|x64 = Release|x64
	EndGlobalSection
	GlobalSection(ProjectConfigurationPlatforms) = postSolution
		{9F475436-EF36-49E2-B872-970AFAE02372}.Release|x64.ActiveCfg = Release|x64
		{9F475436-EF36-49E2-B872-970AFAE02372}.Release|x64.Build.0 = Release|x64
	EndGlobalSection
	GlobalSection(SolutionProperties) = preSolution
		HideSolutionNode = FALSE
	EndGlobalSection
	GlobalSection(ExtensibilityGlobals) = postSolution
		SolutionGuid = {95742500-B1C3-4703-B801-DF450799BE70}
	EndGlobalSection
EndGlobal
